
Microsoft Visual Studio Solution File, Format Version 12.00
# Visual Studio 15
VisualStudioVersion = 15.0.28307.329
MinimumVisualStudioVersion = 10.0.40219.1
Project("{FAE04EC0-301F-11D3-BF4B-00C04F79EFBC}") = "KrHomeBot", "KrHomeBot\KrHomeBot.csproj", "{AC87E2EB-BFE7-4696-A12C-21F510913AFB}"
EndProject
Project("{E53339B2-1760-4266-BCC7-CA923CBCF16C}") = "docker-compose", "docker-compose.dcproj", "{46908D27-C89D-43B7-915B-003702830E06}"
EndProject
Global
	GlobalSection(SolutionConfigurationPlatforms) = preSolution
		Debug|Any CPU = Debug|Any CPU
		Release|Any CPU = Release|Any CPU
	EndGlobalSection
	GlobalSection(ProjectConfigurationPlatforms) = postSolution
		{AC87E2EB-BFE7-4696-A12C-21F510913AFB}.Debug|Any CPU.ActiveCfg = Debug|Any CPU
		{AC87E2EB-BFE7-4696-A12C-21F510913AFB}.Debug|Any CPU.Build.0 = Debug|Any CPU
		{AC87E2EB-BFE7-4696-A12C-21F510913AFB}.Release|Any CPU.ActiveCfg = Release|Any CPU
		{AC87E2EB-BFE7-4696-A12C-21F510913AFB}.Release|Any CPU.Build.0 = Release|Any CPU
		{46908D27-C89D-43B7-915B-003702830E06}.Debug|Any CPU.ActiveCfg = Debug|Any CPU
		{46908D27-C89D-43B7-915B-003702830E06}.Debug|Any CPU.Build.0 = Debug|Any CPU
		{46908D27-C89D-43B7-915B-003702830E06}.Release|Any CPU.ActiveCfg = Release|Any CPU
		{46908D27-C89D-43B7-915B-003702830E06}.Release|Any CPU.Build.0 = Release|Any CPU
	EndGlobalSection
	GlobalSection(SolutionProperties) = preSolution
		HideSolutionNode = FALSE
	EndGlobalSection
	GlobalSection(ExtensibilityGlobals) = postSolution
		SolutionGuid = {5C1BAD3A-F5EE-4521-9824-0D72929C43D7}
	EndGlobalSection
EndGlobal
